// !$*UTF8*$!
{
	archiveVersion = 1;
	classes = {
	};
	objectVersion = 50;
	objects = {

/* Begin PBXBuildFile section */
		BB1762162492BCD900477F2A /* AppDelegate.swift in Sources */ = {isa = PBXBuildFile; fileRef = BB1762152492BCD900477F2A /* AppDelegate.swift */; };
		BB1762182492BCD900477F2A /* SceneDelegate.swift in Sources */ = {isa = PBXBuildFile; fileRef = BB1762172492BCD900477F2A /* SceneDelegate.swift */; };
		BB17621A2492BCD900477F2A /* ContentView.swift in Sources */ = {isa = PBXBuildFile; fileRef = BB1762192492BCD900477F2A /* ContentView.swift */; };
		BB17621C2492BCDA00477F2A /* Assets.xcassets in Resources */ = {isa = PBXBuildFile; fileRef = BB17621B2492BCDA00477F2A /* Assets.xcassets */; };
		BB17621F2492BCDA00477F2A /* Preview Assets.xcassets in Resources */ = {isa = PBXBuildFile; fileRef = BB17621E2492BCDA00477F2A /* Preview Assets.xcassets */; };
		BB1762222492BCDA00477F2A /* LaunchScreen.storyboard in Resources */ = {isa = PBXBuildFile; fileRef = BB1762202492BCDA00477F2A /* LaunchScreen.storyboard */; };
		BB17622C2492BD0300477F2A /* DogViewModel.swift in Sources */ = {isa = PBXBuildFile; fileRef = BB1762292492BD0300477F2A /* DogViewModel.swift */; };
		BB17622D2492BD0300477F2A /* Dog.swift in Sources */ = {isa = PBXBuildFile; fileRef = BB17622A2492BD0300477F2A /* Dog.swift */; };
		BB42145424933FAD0032CAFB /* Log.swift in Sources */ = {isa = PBXBuildFile; fileRef = BB42145224933FAD0032CAFB /* Log.swift */; };
		BB42145524933FAD0032CAFB /* DispatchQueue+Extension.swift in Sources */ = {isa = PBXBuildFile; fileRef = BB42145324933FAD0032CAFB /* DispatchQueue+Extension.swift */; };
/* End PBXBuildFile section */

/* Begin PBXFileReference section */
		BB1762122492BCD900477F2A /* GCD and Threading.app */ = {isa = PBXFileReference; explicitFileType = wrapper.application; includeInIndex = 0; path = "GCD and Threading.app"; sourceTree = BUILT_PRODUCTS_DIR; };
		BB1762152492BCD900477F2A /* AppDelegate.swift */ = {isa = PBXFileReference; lastKnownFileType = sourcecode.swift; path = AppDelegate.swift; sourceTree = "<group>"; };
		BB1762172492BCD900477F2A /* SceneDelegate.swift */ = {isa = PBXFileReference; lastKnownFileType = sourcecode.swift; path = SceneDelegate.swift; sourceTree = "<group>"; };
		BB1762192492BCD900477F2A /* ContentView.swift */ = {isa = PBXFileReference; lastKnownFileType = sourcecode.swift; path = ContentView.swift; sourceTree = "<group>"; };
		BB17621B2492BCDA00477F2A /* Assets.xcassets */ = {isa = PBXFileReference; lastKnownFileType = folder.assetcatalog; path = Assets.xcassets; sourceTree = "<group>"; };
		BB17621E2492BCDA00477F2A /* Preview Assets.xcassets */ = {isa = PBXFileReference; lastKnownFileType = folder.assetcatalog; path = "Preview Assets.xcassets"; sourceTree = "<group>"; };
		BB1762212492BCDA00477F2A /* Base */ = {isa = PBXFileReference; lastKnownFileType = file.storyboard; name = Base; path = Base.lproj/LaunchScreen.storyboard; sourceTree = "<group>"; };
		BB1762232492BCDA00477F2A /* Info.plist */ = {isa = PBXFileReference; lastKnownFileType = text.plist.xml; path = Info.plist; sourceTree = "<group>"; };
		BB1762292492BD0300477F2A /* DogViewModel.swift */ = {isa = PBXFileReference; fileEncoding = 4; lastKnownFileType = sourcecode.swift; path = DogViewModel.swift; sourceTree = "<group>"; };
		BB17622A2492BD0300477F2A /* Dog.swift */ = {isa = PBXFileReference; fileEncoding = 4; lastKnownFileType = sourcecode.swift; path = Dog.swift; sourceTree = "<group>"; };
		BB42145224933FAD0032CAFB /* Log.swift */ = {isa = PBXFileReference; fileEncoding = 4; lastKnownFileType = sourcecode.swift; path = Log.swift; sourceTree = "<group>"; };
		BB42145324933FAD0032CAFB /* DispatchQueue+Extension.swift */ = {isa = PBXFileReference; fileEncoding = 4; lastKnownFileType = sourcecode.swift; path = "DispatchQueue+Extension.swift"; sourceTree = "<group>"; };
/* End PBXFileReference section */

/* Begin PBXFrameworksBuildPhase section */
		BB17620F2492BCD900477F2A /* Frameworks */ = {
			isa = PBXFrameworksBuildPhase;
			buildActionMask = 2147483647;
			files = (
			);
			runOnlyForDeploymentPostprocessing = 0;
		};
/* End PBXFrameworksBuildPhase section */

/* Begin PBXGroup section */
		BB1762092492BCD900477F2A = {
			isa = PBXGroup;
			children = (
				BB1762142492BCD900477F2A /* GCD and Threading */,
				BB1762132492BCD900477F2A /* Products */,
			);
			sourceTree = "<group>";
		};
		BB1762132492BCD900477F2A /* Products */ = {
			isa = PBXGroup;
			children = (
				BB1762122492BCD900477F2A /* GCD and Threading.app */,
			);
			name = Products;
			sourceTree = "<group>";
		};
		BB1762142492BCD900477F2A /* GCD and Threading */ = {
			isa = PBXGroup;
			children = (
				BB1762192492BCD900477F2A /* ContentView.swift */,
				BB17622A2492BD0300477F2A /* Dog.swift */,
				BB1762292492BD0300477F2A /* DogViewModel.swift */,
				BB17621B2492BCDA00477F2A /* Assets.xcassets */,
				BB1762202492BCDA00477F2A /* LaunchScreen.storyboard */,
				BB1762232492BCDA00477F2A /* Info.plist */,
				BB1762152492BCD900477F2A /* AppDelegate.swift */,
				BB1762172492BCD900477F2A /* SceneDelegate.swift */,
				BB42145124933FAD0032CAFB /* Utitlities */,
				BB17621D2492BCDA00477F2A /* Preview Content */,
			);
			path = "GCD and Threading";
			sourceTree = "<group>";
		};
		BB17621D2492BCDA00477F2A /* Preview Content */ = {
			isa = PBXGroup;
			children = (
				BB17621E2492BCDA00477F2A /* Preview Assets.xcassets */,
			);
			path = "Preview Content";
			sourceTree = "<group>";
		};
		BB42145124933FAD0032CAFB /* Utitlities */ = {
			isa = PBXGroup;
			children = (
				BB42145224933FAD0032CAFB /* Log.swift */,
				BB42145324933FAD0032CAFB /* DispatchQueue+Extension.swift */,
			);
			path = Utitlities;
			sourceTree = "<group>";
		};
/* End PBXGroup section */

/* Begin PBXNativeTarget section */
		BB1762112492BCD900477F2A /* GCD and Threading */ = {
			isa = PBXNativeTarget;
			buildConfigurationList = BB1762262492BCDA00477F2A /* Build configuration list for PBXNativeTarget "GCD and Threading" */;
			buildPhases = (
				BB17620E2492BCD900477F2A /* Sources */,
				BB17620F2492BCD900477F2A /* Frameworks */,
				BB1762102492BCD900477F2A /* Resources */,
			);
			buildRules = (
			);
			dependencies = (
			);
			name = "GCD and Threading";
			productName = "GCD and Threading";
			productReference = BB1762122492BCD900477F2A /* GCD and Threading.app */;
			productType = "com.apple.product-type.application";
		};
/* End PBXNativeTarget section */

/* Begin PBXProject section */
		BB17620A2492BCD900477F2A /* Project object */ = {
			isa = PBXProject;
			attributes = {
				LastSwiftUpdateCheck = 1150;
				LastUpgradeCheck = 1150;
				ORGANIZATIONNAME = "CreaTECH Solutions";
				TargetAttributes = {
					BB1762112492BCD900477F2A = {
						CreatedOnToolsVersion = 11.5;
					};
				};
			};
			buildConfigurationList = BB17620D2492BCD900477F2A /* Build configuration list for PBXProject "GCD and Threading" */;
			compatibilityVersion = "Xcode 9.3";
			developmentRegion = en;
			hasScannedForEncodings = 0;
			knownRegions = (
				en,
				Base,
			);
			mainGroup = BB1762092492BCD900477F2A;
			productRefGroup = BB1762132492BCD900477F2A /* Products */;
			projectDirPath = "";
			projectRoot = "";
			targets = (
				BB1762112492BCD900477F2A /* GCD and Threading */,
			);
		};
/* End PBXProject section */

/* Begin PBXResourcesBuildPhase section */
		BB1762102492BCD900477F2A /* Resources */ = {
			isa = PBXResourcesBuildPhase;
			buildActionMask = 2147483647;
			files = (
				BB1762222492BCDA00477F2A /* LaunchScreen.storyboard in Resources */,
				BB17621F2492BCDA00477F2A /* Preview Assets.xcassets in Resources */,
				BB17621C2492BCDA00477F2A /* Assets.xcassets in Resources */,
			);
			runOnlyForDeploymentPostprocessing = 0;
		};
/* End PBXResourcesBuildPhase section */

/* Begin PBXSourcesBuildPhase section */
		BB17620E2492BCD900477F2A /* Sources */ = {
			isa = PBXSourcesBuildPhase;
			buildActionMask = 2147483647;
			files = (
				BB1762162492BCD900477F2A /* AppDelegate.swift in Sources */,
				BB42145524933FAD0032CAFB /* DispatchQueue+Extension.swift in Sources */,
				BB1762182492BCD900477F2A /* SceneDelegate.swift in Sources */,
				BB42145424933FAD0032CAFB /* Log.swift in Sources */,
				BB17621A2492BCD900477F2A /* ContentView.swift in Sources */,
				BB17622D2492BD0300477F2A /* Dog.swift in Sources */,
				BB17622C2492BD0300477F2A /* DogViewModel.swift in Sources */,
			);
			runOnlyForDeploymentPostprocessing = 0;
		};
/* End PBXSourcesBuildPhase section */

/* Begin PBXVariantGroup section */
		BB1762202492BCDA00477F2A /* LaunchScreen.storyboard */ = {
			isa = PBXVariantGroup;
			children = (
				BB1762212492BCDA00477F2A /* Base */,
			);
			name = LaunchScreen.storyboard;
			sourceTree = "<group>";
		};
/* End PBXVariantGroup section */

/* Begin XCBuildConfiguration section */
		BB1762242492BCDA00477F2A /* Debug */ = {
			isa = XCBuildConfiguration;
			buildSettings = {
				ALWAYS_SEARCH_USER_PATHS = NO;
				CLANG_ANALYZER_NONNULL = YES;
				CLANG_ANALYZER_NUMBER_OBJECT_CONVERSION = YES_AGGRESSIVE;
				CLANG_CXX_LANGUAGE_STANDARD = "gnu++14";
				CLANG_CXX_LIBRARY = "libc++";
				CLANG_ENABLE_MODULES = YES;
				CLANG_ENABLE_OBJC_ARC = YES;
				CLANG_ENABLE_OBJC_WEAK = YES;
				CLANG_WARN_BLOCK_CAPTURE_AUTORELEASING = YES;
				CLANG_WARN_BOOL_CONVERSION = YES;
				CLANG_WARN_COMMA = YES;
				CLANG_WARN_CONSTANT_CONVERSION = YES;
				CLANG_WARN_DEPRECATED_OBJC_IMPLEMENTATIONS = YES;
				CLANG_WARN_DIRECT_OBJC_ISA_USAGE = YES_ERROR;
				CLANG_WARN_DOCUMENTATION_COMMENTS = YES;
				CLANG_WARN_EMPTY_BODY = YES;
				CLANG_WARN_ENUM_CONVERSION = YES;
				CLANG_WARN_INFINITE_RECURSION = YES;
				CLANG_WARN_INT_CONVERSION = YES;
				CLANG_WARN_NON_LITERAL_NULL_CONVERSION = YES;
				CLANG_WARN_OBJC_IMPLICIT_RETAIN_SELF = YES;
				CLANG_WARN_OBJC_LITERAL_CONVERSION = YES;
				CLANG_WARN_OBJC_ROOT_CLASS = YES_ERROR;
				CLANG_WARN_RANGE_LOOP_ANALYSIS = YES;
				CLANG_WARN_STRICT_PROTOTYPES = YES;
				CLANG_WARN_SUSPICIOUS_MOVE = YES;
				CLANG_WARN_UNGUARDED_AVAILABILITY = YES_AGGRESSIVE;
				CLANG_WARN_UNREACHABLE_CODE = YES;
				CLANG_WARN__DUPLICATE_METHOD_MATCH = YES;
				COPY_PHASE_STRIP = NO;
				DEBUG_INFORMATION_FORMAT = dwarf;
				ENABLE_STRICT_OBJC_MSGSEND = YES;
				ENABLE_TESTABILITY = YES;
				GCC_C_LANGUAGE_STANDARD = gnu11;
				GCC_DYNAMIC_NO_PIC = NO;
				GCC_NO_COMMON_BLOCKS = YES;
				GCC_OPTIMIZATION_LEVEL = 0;
				GCC_PREPROCESSOR_DEFINITIONS = (
					"DEBUG=1",
					"$(inherited)",
				);
				GCC_WARN_64_TO_32_BIT_CONVERSION = YES;
				GCC_WARN_ABOUT_RETURN_TYPE = YES_ERROR;
				GCC_WARN_UNDECLARED_SELECTOR = YES;
				GCC_WARN_UNINITIALIZED_AUTOS = YES_AGGRESSIVE;
				GCC_WARN_UNUSED_FUNCTION = YES;
				GCC_WARN_UNUSED_VARIABLE = YES;
				IPHONEOS_DEPLOYMENT_TARGET = 13.5;
				MTL_ENABLE_DEBUG_INFO = INCLUDE_SOURCE;
				MTL_FAST_MATH = YES;
				ONLY_ACTIVE_ARCH = YES;
				SDKROOT = iphoneos;
				SWIFT_ACTIVE_COMPILATION_CONDITIONS = DEBUG;
				SWIFT_OPTIMIZATION_LEVEL = "-Onone";
			};
			name = Debug;
		};
		BB1762252492BCDA00477F2A /* Release */ = {
			isa = XCBuildConfiguration;
			buildSettings = {
				ALWAYS_SEARCH_USER_PATHS = NO;
				CLANG_ANALYZER_NONNULL = YES;
				CLANG_ANALYZER_NUMBER_OBJECT_CONVERSION = YES_AGGRESSIVE;
				CLANG_CXX_LANGUAGE_STANDARD = "gnu++14";
				CLANG_CXX_LIBRARY = "libc++";
				CLANG_ENABLE_MODULES = YES;
				CLANG_ENABLE_OBJC_ARC = YES;
				CLANG_ENABLE_OBJC_WEAK = YES;
				CLANG_WARN_BLOCK_CAPTURE_AUTORELEASING = YES;
				CLANG_WARN_BOOL_CONVERSION = YES;
				CLANG_WARN_COMMA = YES;
				CLANG_WARN_CONSTANT_CONVERSION = YES;
				CLANG_WARN_DEPRECATED_OBJC_IMPLEMENTATIONS = YES;
				CLANG_WARN_DIRECT_OBJC_ISA_USAGE = YES_ERROR;
				CLANG_WARN_DOCUMENTATION_COMMENTS = YES;
				CLANG_WARN_EMPTY_BODY = YES;
				CLANG_WARN_ENUM_CONVERSION = YES;
				CLANG_WARN_INFINITE_RECURSION = YES;
				CLANG_WARN_INT_CONVERSION = YES;
				CLANG_WARN_NON_LITERAL_NULL_CONVERSION = YES;
				CLANG_WARN_OBJC_IMPLICIT_RETAIN_SELF = YES;
				CLANG_WARN_OBJC_LITERAL_CONVERSION = YES;
				CLANG_WARN_OBJC_ROOT_CLASS = YES_ERROR;
				CLANG_WARN_RANGE_LOOP_ANALYSIS = YES;
				CLANG_WARN_STRICT_PROTOTYPES = YES;
				CLANG_WARN_SUSPICIOUS_MOVE = YES;
				CLANG_WARN_UNGUARDED_AVAILABILITY = YES_AGGRESSIVE;
				CLANG_WARN_UNREACHABLE_CODE = YES;
				CLANG_WARN__DUPLICATE_METHOD_MATCH = YES;
				COPY_PHASE_STRIP = NO;
				DEBUG_INFORMATION_FORMAT = "dwarf-with-dsym";
				ENABLE_NS_ASSERTIONS = NO;
				ENABLE_STRICT_OBJC_MSGSEND = YES;
				GCC_C_LANGUAGE_STANDARD = gnu11;
				GCC_NO_COMMON_BLOCKS = YES;
				GCC_WARN_64_TO_32_BIT_CONVERSION = YES;
				GCC_WARN_ABOUT_RETURN_TYPE = YES_ERROR;
				GCC_WARN_UNDECLARED_SELECTOR = YES;
				GCC_WARN_UNINITIALIZED_AUTOS = YES_AGGRESSIVE;
				GCC_WARN_UNUSED_FUNCTION = YES;
				GCC_WARN_UNUSED_VARIABLE = YES;
				IPHONEOS_DEPLOYMENT_TARGET = 13.5;
				MTL_ENABLE_DEBUG_INFO = NO;
				MTL_FAST_MATH = YES;
				SDKROOT = iphoneos;
				SWIFT_COMPILATION_MODE = wholemodule;
				SWIFT_OPTIMIZATION_LEVEL = "-O";
				VALIDATE_PRODUCT = YES;
			};
			name = Release;
		};
		BB1762272492BCDA00477F2A /* Debug */ = {
			isa = XCBuildConfiguration;
			buildSettings = {
				ASSETCATALOG_COMPILER_APPICON_NAME = AppIcon;
				CODE_SIGN_STYLE = Automatic;
				DEVELOPMENT_ASSET_PATHS = "\"GCD and Threading/Preview Content\"";
				DEVELOPMENT_TEAM = RKV4UP49S6;
				ENABLE_PREVIEWS = YES;
				INFOPLIST_FILE = "GCD and Threading/Info.plist";
				LD_RUNPATH_SEARCH_PATHS = (
					"$(inherited)",
					"@executable_path/Frameworks",
				);
				PRODUCT_BUNDLE_IDENTIFIER = "com.createchsol.GCD-and-Threading";
				PRODUCT_NAME = "$(TARGET_NAME)";
				SWIFT_VERSION = 5.0;
				TARGETED_DEVICE_FAMILY = "1,2";
			};
			name = Debug;
		};
		BB1762282492BCDA00477F2A /* Release */ = {
			isa = XCBuildConfiguration;
			buildSettings = {
				ASSETCATALOG_COMPILER_APPICON_NAME = AppIcon;
				CODE_SIGN_STYLE = Automatic;
				DEVELOPMENT_ASSET_PATHS = "\"GCD and Threading/Preview Content\"";
				DEVELOPMENT_TEAM = RKV4UP49S6;
				ENABLE_PREVIEWS = YES;
				INFOPLIST_FILE = "GCD and Threading/Info.plist";
				LD_RUNPATH_SEARCH_PATHS = (
					"$(inherited)",
					"@executable_path/Frameworks",
				);
				PRODUCT_BUNDLE_IDENTIFIER = "com.createchsol.GCD-and-Threading";
				PRODUCT_NAME = "$(TARGET_NAME)";
				SWIFT_VERSION = 5.0;
				TARGETED_DEVICE_FAMILY = "1,2";
			};
			name = Release;
		};
/* End XCBuildConfiguration section */

/* Begin XCConfigurationList section */
		BB17620D2492BCD900477F2A /* Build configuration list for PBXProject "GCD and Threading" */ = {
			isa = XCConfigurationList;
			buildConfigurations = (
				BB1762242492BCDA00477F2A /* Debug */,
				BB1762252492BCDA00477F2A /* Release */,
			);
			defaultConfigurationIsVisible = 0;
			defaultConfigurationName = Release;
		};
		BB1762262492BCDA00477F2A /* Build configuration list for PBXNativeTarget "GCD and Threading" */ = {
			isa = XCConfigurationList;
			buildConfigurations = (
				BB1762272492BCDA00477F2A /* Debug */,
				BB1762282492BCDA00477F2A /* Release */,
			);
			defaultConfigurationIsVisible = 0;
			defaultConfigurationName = Release;
		};
/* End XCConfigurationList section */
	};
	rootObject = BB17620A2492BCD900477F2A /* Project object */;
}
